// !$*UTF8*$!
{
	archiveVersion = 1;
	classes = {
	};
	objectVersion = 50;
	objects = {

/* Begin PBXBuildFile section */
		6B0D309B254D563200930A4F /* CollectionViewTest.storyboard in Resources */ = {isa = PBXBuildFile; fileRef = 6B0D309A254D563200930A4F /* CollectionViewTest.storyboard */; };
		6B0D309E254D565D00930A4F /* CollectionViewTestVC.swift in Sources */ = {isa = PBXBuildFile; fileRef = 6B0D309D254D565D00930A4F /* CollectionViewTestVC.swift */; };
		6B3110D6254D2E4D00F725E0 /* AppDelegate.swift in Sources */ = {isa = PBXBuildFile; fileRef = 6B3110D5254D2E4D00F725E0 /* AppDelegate.swift */; };
		6B3110D8254D2E4D00F725E0 /* SceneDelegate.swift in Sources */ = {isa = PBXBuildFile; fileRef = 6B3110D7254D2E4D00F725E0 /* SceneDelegate.swift */; };
		6B3110DA254D2E4D00F725E0 /* ViewController.swift in Sources */ = {isa = PBXBuildFile; fileRef = 6B3110D9254D2E4D00F725E0 /* ViewController.swift */; };
		6B3110DD254D2E4D00F725E0 /* Main.storyboard in Resources */ = {isa = PBXBuildFile; fileRef = 6B3110DB254D2E4D00F725E0 /* Main.storyboard */; };
		6B3110DF254D2E4E00F725E0 /* Assets.xcassets in Resources */ = {isa = PBXBuildFile; fileRef = 6B3110DE254D2E4E00F725E0 /* Assets.xcassets */; };
		6B3110E2254D2E4E00F725E0 /* LaunchScreen.storyboard in Resources */ = {isa = PBXBuildFile; fileRef = 6B3110E0254D2E4E00F725E0 /* LaunchScreen.storyboard */; };
		6B3110EF254D34C400F725E0 /* PickerViewTest.storyboard in Resources */ = {isa = PBXBuildFile; fileRef = 6B3110EE254D34C400F725E0 /* PickerViewTest.storyboard */; };
		6B3110F2254D352E00F725E0 /* PickerViewTestVC.swift in Sources */ = {isa = PBXBuildFile; fileRef = 6B3110F1254D352E00F725E0 /* PickerViewTestVC.swift */; };
		6B3110F5254D3A4100F725E0 /* Part.swift in Sources */ = {isa = PBXBuildFile; fileRef = 6B3110F4254D3A4100F725E0 /* Part.swift */; };
		6B311123254D463A00F725E0 /* TableViewTest.storyboard in Resources */ = {isa = PBXBuildFile; fileRef = 6B311122254D463A00F725E0 /* TableViewTest.storyboard */; };
		6B311126254D466100F725E0 /* TableViewTestVC.swift in Sources */ = {isa = PBXBuildFile; fileRef = 6B311125254D466100F725E0 /* TableViewTestVC.swift */; };
		6B311129254D4B5600F725E0 /* MusicRankCell.swift in Sources */ = {isa = PBXBuildFile; fileRef = 6B311128254D4B5600F725E0 /* MusicRankCell.swift */; };
		6B31112C254D4D3100F725E0 /* Music.swift in Sources */ = {isa = PBXBuildFile; fileRef = 6B31112B254D4D3100F725E0 /* Music.swift */; };
		6B31112F254D51AB00F725E0 /* MusicInfo.storyboard in Resources */ = {isa = PBXBuildFile; fileRef = 6B31112E254D51AB00F725E0 /* MusicInfo.storyboard */; };
		6B311132254D51CC00F725E0 /* MusicInfoVC.swift in Sources */ = {isa = PBXBuildFile; fileRef = 6B311131254D51CC00F725E0 /* MusicInfoVC.swift */; };
/* End PBXBuildFile section */

/* Begin PBXFileReference section */
		6B0D309A254D563200930A4F /* CollectionViewTest.storyboard */ = {isa = PBXFileReference; lastKnownFileType = file.storyboard; path = CollectionViewTest.storyboard; sourceTree = "<group>"; };
		6B0D309D254D565D00930A4F /* CollectionViewTestVC.swift */ = {isa = PBXFileReference; lastKnownFileType = sourcecode.swift; path = CollectionViewTestVC.swift; sourceTree = "<group>"; };
		6B3110D2254D2E4D00F725E0 /* 3rd_Seminar.app */ = {isa = PBXFileReference; explicitFileType = wrapper.application; includeInIndex = 0; path = 3rd_Seminar.app; sourceTree = BUILT_PRODUCTS_DIR; };
		6B3110D5254D2E4D00F725E0 /* AppDelegate.swift */ = {isa = PBXFileReference; lastKnownFileType = sourcecode.swift; path = AppDelegate.swift; sourceTree = "<group>"; };
		6B3110D7254D2E4D00F725E0 /* SceneDelegate.swift */ = {isa = PBXFileReference; lastKnownFileType = sourcecode.swift; path = SceneDelegate.swift; sourceTree = "<group>"; };
		6B3110D9254D2E4D00F725E0 /* ViewController.swift */ = {isa = PBXFileReference; lastKnownFileType = sourcecode.swift; path = ViewController.swift; sourceTree = "<group>"; };
		6B3110DC254D2E4D00F725E0 /* Base */ = {isa = PBXFileReference; lastKnownFileType = file.storyboard; name = Base; path = Base.lproj/Main.storyboard; sourceTree = "<group>"; };
		6B3110DE254D2E4E00F725E0 /* Assets.xcassets */ = {isa = PBXFileReference; lastKnownFileType = folder.assetcatalog; path = Assets.xcassets; sourceTree = "<group>"; };
		6B3110E1254D2E4E00F725E0 /* Base */ = {isa = PBXFileReference; lastKnownFileType = file.storyboard; name = Base; path = Base.lproj/LaunchScreen.storyboard; sourceTree = "<group>"; };
		6B3110E3254D2E4E00F725E0 /* Info.plist */ = {isa = PBXFileReference; lastKnownFileType = text.plist.xml; path = Info.plist; sourceTree = "<group>"; };
		6B3110EE254D34C400F725E0 /* PickerViewTest.storyboard */ = {isa = PBXFileReference; lastKnownFileType = file.storyboard; path = PickerViewTest.storyboard; sourceTree = "<group>"; };
		6B3110F1254D352E00F725E0 /* PickerViewTestVC.swift */ = {isa = PBXFileReference; lastKnownFileType = sourcecode.swift; path = PickerViewTestVC.swift; sourceTree = "<group>"; };
		6B3110F4254D3A4100F725E0 /* Part.swift */ = {isa = PBXFileReference; lastKnownFileType = sourcecode.swift; path = Part.swift; sourceTree = "<group>"; };
		6B311122254D463A00F725E0 /* TableViewTest.storyboard */ = {isa = PBXFileReference; lastKnownFileType = file.storyboard; path = TableViewTest.storyboard; sourceTree = "<group>"; };
		6B311125254D466100F725E0 /* TableViewTestVC.swift */ = {isa = PBXFileReference; lastKnownFileType = sourcecode.swift; path = TableViewTestVC.swift; sourceTree = "<group>"; };
		6B311128254D4B5600F725E0 /* MusicRankCell.swift */ = {isa = PBXFileReference; lastKnownFileType = sourcecode.swift; path = MusicRankCell.swift; sourceTree = "<group>"; };
		6B31112B254D4D3100F725E0 /* Music.swift */ = {isa = PBXFileReference; lastKnownFileType = sourcecode.swift; path = Music.swift; sourceTree = "<group>"; };
		6B31112E254D51AB00F725E0 /* MusicInfo.storyboard */ = {isa = PBXFileReference; lastKnownFileType = file.storyboard; path = MusicInfo.storyboard; sourceTree = "<group>"; };
		6B311131254D51CC00F725E0 /* MusicInfoVC.swift */ = {isa = PBXFileReference; lastKnownFileType = sourcecode.swift; path = MusicInfoVC.swift; sourceTree = "<group>"; };
/* End PBXFileReference section */

/* Begin PBXFrameworksBuildPhase section */
		6B3110CF254D2E4D00F725E0 /* Frameworks */ = {
			isa = PBXFrameworksBuildPhase;
			buildActionMask = 2147483647;
			files = (
			);
			runOnlyForDeploymentPostprocessing = 0;
		};
/* End PBXFrameworksBuildPhase section */

/* Begin PBXGroup section */
		6B3110C9254D2E4D00F725E0 = {
			isa = PBXGroup;
			children = (
				6B3110D4254D2E4D00F725E0 /* 3rd_Seminar */,
				6B3110D3254D2E4D00F725E0 /* Products */,
			);
			sourceTree = "<group>";
		};
		6B3110D3254D2E4D00F725E0 /* Products */ = {
			isa = PBXGroup;
			children = (
				6B3110D2254D2E4D00F725E0 /* 3rd_Seminar.app */,
			);
			name = Products;
			sourceTree = "<group>";
		};
		6B3110D4254D2E4D00F725E0 /* 3rd_Seminar */ = {
			isa = PBXGroup;
			children = (
				6B3110D5254D2E4D00F725E0 /* AppDelegate.swift */,
				6B311122254D463A00F725E0 /* TableViewTest.storyboard */,
				6B31112B254D4D3100F725E0 /* Music.swift */,
				6B311128254D4B5600F725E0 /* MusicRankCell.swift */,
				6B3110D7254D2E4D00F725E0 /* SceneDelegate.swift */,
				6B31112E254D51AB00F725E0 /* MusicInfo.storyboard */,
				6B311131254D51CC00F725E0 /* MusicInfoVC.swift */,
				6B3110D9254D2E4D00F725E0 /* ViewController.swift */,
				6B3110DB254D2E4D00F725E0 /* Main.storyboard */,
				6B3110F4254D3A4100F725E0 /* Part.swift */,
				6B3110DE254D2E4E00F725E0 /* Assets.xcassets */,
				6B3110E0254D2E4E00F725E0 /* LaunchScreen.storyboard */,
				6B3110E3254D2E4E00F725E0 /* Info.plist */,
				6B311125254D466100F725E0 /* TableViewTestVC.swift */,
				6B3110EE254D34C400F725E0 /* PickerViewTest.storyboard */,
				6B3110F1254D352E00F725E0 /* PickerViewTestVC.swift */,
				6B0D309A254D563200930A4F /* CollectionViewTest.storyboard */,
				6B0D309D254D565D00930A4F /* CollectionViewTestVC.swift */,
			);
			path = 3rd_Seminar;
			sourceTree = "<group>";
		};
/* End PBXGroup section */

/* Begin PBXNativeTarget section */
		6B3110D1254D2E4D00F725E0 /* 3rd_Seminar */ = {
			isa = PBXNativeTarget;
			buildConfigurationList = 6B3110E6254D2E4E00F725E0 /* Build configuration list for PBXNativeTarget "3rd_Seminar" */;
			buildPhases = (
				6B3110CE254D2E4D00F725E0 /* Sources */,
				6B3110CF254D2E4D00F725E0 /* Frameworks */,
				6B3110D0254D2E4D00F725E0 /* Resources */,
			);
			buildRules = (
			);
			dependencies = (
			);
			name = 3rd_Seminar;
			productName = 3rd_Seminar;
			productReference = 6B3110D2254D2E4D00F725E0 /* 3rd_Seminar.app */;
			productType = "com.apple.product-type.application";
		};
/* End PBXNativeTarget section */

/* Begin PBXProject section */
		6B3110CA254D2E4D00F725E0 /* Project object */ = {
			isa = PBXProject;
			attributes = {
				LastSwiftUpdateCheck = 1210;
				LastUpgradeCheck = 1210;
				TargetAttributes = {
					6B3110D1254D2E4D00F725E0 = {
						CreatedOnToolsVersion = 12.1;
					};
				};
			};
			buildConfigurationList = 6B3110CD254D2E4D00F725E0 /* Build configuration list for PBXProject "3rd_Seminar" */;
			compatibilityVersion = "Xcode 9.3";
			developmentRegion = en;
			hasScannedForEncodings = 0;
			knownRegions = (
				en,
				Base,
			);
			mainGroup = 6B3110C9254D2E4D00F725E0;
			productRefGroup = 6B3110D3254D2E4D00F725E0 /* Products */;
			projectDirPath = "";
			projectRoot = "";
			targets = (
				6B3110D1254D2E4D00F725E0 /* 3rd_Seminar */,
			);
		};
/* End PBXProject section */

/* Begin PBXResourcesBuildPhase section */
		6B3110D0254D2E4D00F725E0 /* Resources */ = {
			isa = PBXResourcesBuildPhase;
			buildActionMask = 2147483647;
			files = (
				6B311123254D463A00F725E0 /* TableViewTest.storyboard in Resources */,
				6B3110E2254D2E4E00F725E0 /* LaunchScreen.storyboard in Resources */,
				6B0D309B254D563200930A4F /* CollectionViewTest.storyboard in Resources */,
				6B3110EF254D34C400F725E0 /* PickerViewTest.storyboard in Resources */,
				6B31112F254D51AB00F725E0 /* MusicInfo.storyboard in Resources */,
				6B3110DF254D2E4E00F725E0 /* Assets.xcassets in Resources */,
				6B3110DD254D2E4D00F725E0 /* Main.storyboard in Resources */,
			);
			runOnlyForDeploymentPostprocessing = 0;
		};
/* End PBXResourcesBuildPhase section */

/* Begin PBXSourcesBuildPhase section */
		6B3110CE254D2E4D00F725E0 /* Sources */ = {
			isa = PBXSourcesBuildPhase;
			buildActionMask = 2147483647;
			files = (
				6B311132254D51CC00F725E0 /* MusicInfoVC.swift in Sources */,
				6B311129254D4B5600F725E0 /* MusicRankCell.swift in Sources */,
				6B3110DA254D2E4D00F725E0 /* ViewController.swift in Sources */,
				6B3110D6254D2E4D00F725E0 /* AppDelegate.swift in Sources */,
				6B311126254D466100F725E0 /* TableViewTestVC.swift in Sources */,
				6B0D309E254D565D00930A4F /* CollectionViewTestVC.swift in Sources */,
				6B3110D8254D2E4D00F725E0 /* SceneDelegate.swift in Sources */,
				6B3110F5254D3A4100F725E0 /* Part.swift in Sources */,
				6B3110F2254D352E00F725E0 /* PickerViewTestVC.swift in Sources */,
				6B31112C254D4D3100F725E0 /* Music.swift in Sources */,
			);
			runOnlyForDeploymentPostprocessing = 0;
		};
/* End PBXSourcesBuildPhase section */

/* Begin PBXVariantGroup section */
		6B3110DB254D2E4D00F725E0 /* Main.storyboard */ = {
			isa = PBXVariantGroup;
			children = (
				6B3110DC254D2E4D00F725E0 /* Base */,
			);
			name = Main.storyboard;
			sourceTree = "<group>";
		};
		6B3110E0254D2E4E00F725E0 /* LaunchScreen.storyboard */ = {
			isa = PBXVariantGroup;
			children = (
				6B3110E1254D2E4E00F725E0 /* Base */,
			);
			name = LaunchScreen.storyboard;
			sourceTree = "<group>";
		};
/* End PBXVariantGroup section */

/* Begin XCBuildConfiguration section */
		6B3110E4254D2E4E00F725E0 /* Debug */ = {
			isa = XCBuildConfiguration;
			buildSettings = {
				ALWAYS_SEARCH_USER_PATHS = NO;
				CLANG_ANALYZER_NONNULL = YES;
				CLANG_ANALYZER_NUMBER_OBJECT_CONVERSION = YES_AGGRESSIVE;
				CLANG_CXX_LANGUAGE_STANDARD = "gnu++14";
				CLANG_CXX_LIBRARY = "libc++";
				CLANG_ENABLE_MODULES = YES;
				CLANG_ENABLE_OBJC_ARC = YES;
				CLANG_ENABLE_OBJC_WEAK = YES;
				CLANG_WARN_BLOCK_CAPTURE_AUTORELEASING = YES;
				CLANG_WARN_BOOL_CONVERSION = YES;
				CLANG_WARN_COMMA = YES;
				CLANG_WARN_CONSTANT_CONVERSION = YES;
				CLANG_WARN_DEPRECATED_OBJC_IMPLEMENTATIONS = YES;
				CLANG_WARN_DIRECT_OBJC_ISA_USAGE = YES_ERROR;
				CLANG_WARN_DOCUMENTATION_COMMENTS = YES;
				CLANG_WARN_EMPTY_BODY = YES;
				CLANG_WARN_ENUM_CONVERSION = YES;
				CLANG_WARN_INFINITE_RECURSION = YES;
				CLANG_WARN_INT_CONVERSION = YES;
				CLANG_WARN_NON_LITERAL_NULL_CONVERSION = YES;
				CLANG_WARN_OBJC_IMPLICIT_RETAIN_SELF = YES;
				CLANG_WARN_OBJC_LITERAL_CONVERSION = YES;
				CLANG_WARN_OBJC_ROOT_CLASS = YES_ERROR;
				CLANG_WARN_QUOTED_INCLUDE_IN_FRAMEWORK_HEADER = YES;
				CLANG_WARN_RANGE_LOOP_ANALYSIS = YES;
				CLANG_WARN_STRICT_PROTOTYPES = YES;
				CLANG_WARN_SUSPICIOUS_MOVE = YES;
				CLANG_WARN_UNGUARDED_AVAILABILITY = YES_AGGRESSIVE;
				CLANG_WARN_UNREACHABLE_CODE = YES;
				CLANG_WARN__DUPLICATE_METHOD_MATCH = YES;
				COPY_PHASE_STRIP = NO;
				DEBUG_INFORMATION_FORMAT = dwarf;
				ENABLE_STRICT_OBJC_MSGSEND = YES;
				ENABLE_TESTABILITY = YES;
				GCC_C_LANGUAGE_STANDARD = gnu11;
				GCC_DYNAMIC_NO_PIC = NO;
				GCC_NO_COMMON_BLOCKS = YES;
				GCC_OPTIMIZATION_LEVEL = 0;
				GCC_PREPROCESSOR_DEFINITIONS = (
					"DEBUG=1",
					"$(inherited)",
				);
				GCC_WARN_64_TO_32_BIT_CONVERSION = YES;
				GCC_WARN_ABOUT_RETURN_TYPE = YES_ERROR;
				GCC_WARN_UNDECLARED_SELECTOR = YES;
				GCC_WARN_UNINITIALIZED_AUTOS = YES_AGGRESSIVE;
				GCC_WARN_UNUSED_FUNCTION = YES;
				GCC_WARN_UNUSED_VARIABLE = YES;
				IPHONEOS_DEPLOYMENT_TARGET = 14.1;
				MTL_ENABLE_DEBUG_INFO = INCLUDE_SOURCE;
				MTL_FAST_MATH = YES;
				ONLY_ACTIVE_ARCH = YES;
				SDKROOT = iphoneos;
				SWIFT_ACTIVE_COMPILATION_CONDITIONS = DEBUG;
				SWIFT_OPTIMIZATION_LEVEL = "-Onone";
			};
			name = Debug;
		};
		6B3110E5254D2E4E00F725E0 /* Release */ = {
			isa = XCBuildConfiguration;
			buildSettings = {
				ALWAYS_SEARCH_USER_PATHS = NO;
				CLANG_ANALYZER_NONNULL = YES;
				CLANG_ANALYZER_NUMBER_OBJECT_CONVERSION = YES_AGGRESSIVE;
				CLANG_CXX_LANGUAGE_STANDARD = "gnu++14";
				CLANG_CXX_LIBRARY = "libc++";
				CLANG_ENABLE_MODULES = YES;
				CLANG_ENABLE_OBJC_ARC = YES;
				CLANG_ENABLE_OBJC_WEAK = YES;
				CLANG_WARN_BLOCK_CAPTURE_AUTORELEASING = YES;
				CLANG_WARN_BOOL_CONVERSION = YES;
				CLANG_WARN_COMMA = YES;
				CLANG_WARN_CONSTANT_CONVERSION = YES;
				CLANG_WARN_DEPRECATED_OBJC_IMPLEMENTATIONS = YES;
				CLANG_WARN_DIRECT_OBJC_ISA_USAGE = YES_ERROR;
				CLANG_WARN_DOCUMENTATION_COMMENTS = YES;
				CLANG_WARN_EMPTY_BODY = YES;
				CLANG_WARN_ENUM_CONVERSION = YES;
				CLANG_WARN_INFINITE_RECURSION = YES;
				CLANG_WARN_INT_CONVERSION = YES;
				CLANG_WARN_NON_LITERAL_NULL_CONVERSION = YES;
				CLANG_WARN_OBJC_IMPLICIT_RETAIN_SELF = YES;
				CLANG_WARN_OBJC_LITERAL_CONVERSION = YES;
				CLANG_WARN_OBJC_ROOT_CLASS = YES_ERROR;
				CLANG_WARN_QUOTED_INCLUDE_IN_FRAMEWORK_HEADER = YES;
				CLANG_WARN_RANGE_LOOP_ANALYSIS = YES;
				CLANG_WARN_STRICT_PROTOTYPES = YES;
				CLANG_WARN_SUSPICIOUS_MOVE = YES;
				CLANG_WARN_UNGUARDED_AVAILABILITY = YES_AGGRESSIVE;
				CLANG_WARN_UNREACHABLE_CODE = YES;
				CLANG_WARN__DUPLICATE_METHOD_MATCH = YES;
				COPY_PHASE_STRIP = NO;
				DEBUG_INFORMATION_FORMAT = "dwarf-with-dsym";
				ENABLE_NS_ASSERTIONS = NO;
				ENABLE_STRICT_OBJC_MSGSEND = YES;
				GCC_C_LANGUAGE_STANDARD = gnu11;
				GCC_NO_COMMON_BLOCKS = YES;
				GCC_WARN_64_TO_32_BIT_CONVERSION = YES;
				GCC_WARN_ABOUT_RETURN_TYPE = YES_ERROR;
				GCC_WARN_UNDECLARED_SELECTOR = YES;
				GCC_WARN_UNINITIALIZED_AUTOS = YES_AGGRESSIVE;
				GCC_WARN_UNUSED_FUNCTION = YES;
				GCC_WARN_UNUSED_VARIABLE = YES;
				IPHONEOS_DEPLOYMENT_TARGET = 14.1;
				MTL_ENABLE_DEBUG_INFO = NO;
				MTL_FAST_MATH = YES;
				SDKROOT = iphoneos;
				SWIFT_COMPILATION_MODE = wholemodule;
				SWIFT_OPTIMIZATION_LEVEL = "-O";
				VALIDATE_PRODUCT = YES;
			};
			name = Release;
		};
		6B3110E7254D2E4E00F725E0 /* Debug */ = {
			isa = XCBuildConfiguration;
			buildSettings = {
				ASSETCATALOG_COMPILER_APPICON_NAME = AppIcon;
				ASSETCATALOG_COMPILER_GLOBAL_ACCENT_COLOR_NAME = AccentColor;
				CODE_SIGN_STYLE = Automatic;
				INFOPLIST_FILE = 3rd_Seminar/Info.plist;
				LD_RUNPATH_SEARCH_PATHS = (
					"$(inherited)",
					"@executable_path/Frameworks",
				);
				PRODUCT_BUNDLE_IDENTIFIER = "yujinpark.-rd-Seminar";
				PRODUCT_NAME = "$(TARGET_NAME)";
				SWIFT_VERSION = 5.0;
				TARGETED_DEVICE_FAMILY = "1,2";
			};
			name = Debug;
		};
		6B3110E8254D2E4E00F725E0 /* Release */ = {
			isa = XCBuildConfiguration;
			buildSettings = {
				ASSETCATALOG_COMPILER_APPICON_NAME = AppIcon;
				ASSETCATALOG_COMPILER_GLOBAL_ACCENT_COLOR_NAME = AccentColor;
				CODE_SIGN_STYLE = Automatic;
				INFOPLIST_FILE = 3rd_Seminar/Info.plist;
				LD_RUNPATH_SEARCH_PATHS = (
					"$(inherited)",
					"@executable_path/Frameworks",
				);
				PRODUCT_BUNDLE_IDENTIFIER = "yujinpark.-rd-Seminar";
				PRODUCT_NAME = "$(TARGET_NAME)";
				SWIFT_VERSION = 5.0;
				TARGETED_DEVICE_FAMILY = "1,2";
			};
			name = Release;
		};
/* End XCBuildConfiguration section */

/* Begin XCConfigurationList section */
		6B3110CD254D2E4D00F725E0 /* Build configuration list for PBXProject "3rd_Seminar" */ = {
			isa = XCConfigurationList;
			buildConfigurations = (
				6B3110E4254D2E4E00F725E0 /* Debug */,
				6B3110E5254D2E4E00F725E0 /* Release */,
			);
			defaultConfigurationIsVisible = 0;
			defaultConfigurationName = Release;
		};
		6B3110E6254D2E4E00F725E0 /* Build configuration list for PBXNativeTarget "3rd_Seminar" */ = {
			isa = XCConfigurationList;
			buildConfigurations = (
				6B3110E7254D2E4E00F725E0 /* Debug */,
				6B3110E8254D2E4E00F725E0 /* Release */,
			);
			defaultConfigurationIsVisible = 0;
			defaultConfigurationName = Release;
		};
/* End XCConfigurationList section */
	};
	rootObject = 6B3110CA254D2E4D00F725E0 /* Project object */;
}
